
Microsoft Visual Studio Solution File, Format Version 12.00
# Visual Studio 15
VisualStudioVersion = 15.0.26730.16
MinimumVisualStudioVersion = 10.0.40219.1
Project("{F184B08F-C81C-45F6-A57F-5ABD9991F28F}") = "ASTool", "ASTool\ASTool.vbproj", "{F6119D2E-215B-4FB1-A1C6-E83EDE52DA8C}"
EndProject
Project("{FAE04EC0-301F-11D3-BF4B-00C04F79EFBC}") = "ASCompiler", "ASCR\ASCompiler.csproj", "{883162BB-0596-4ABC-BAA8-B3A1F04CC388}"
EndProject
Project("{FAE04EC0-301F-11D3-BF4B-00C04F79EFBC}") = "ASCTest", "ASCTest\ASCTest.csproj", "{A741225D-1C14-4B1B-B746-C859E26FA8AA}"
EndProject
Project("{FAE04EC0-301F-11D3-BF4B-00C04F79EFBC}") = "ASRuntime", "ASRuntime\ASRuntime.csproj", "{8C0A5542-F8C6-470C-B194-5A5C50C5A695}"
EndProject
Project("{2150E333-8FDC-42A3-9474-1A3956D46DE8}") = "AS", "AS", "{B4969010-E167-4B5A-992A-005B9F9EC5E2}"
EndProject
Project("{FAE04EC0-301F-11D3-BF4B-00C04F79EFBC}") = "LinkCodeGen", "LinkCodeGen\LinkCodeGen.csproj", "{4F9519E2-A209-49A5-BB20-1E5980664923}"
EndProject
Project("{FAE04EC0-301F-11D3-BF4B-00C04F79EFBC}") = "AutoGenCodeTestLib", "AutoGenCodeLib\AutoGenCodeTestLib.csproj", "{A4C59558-40E6-44C3-84A0-EA5A8FCFF05A}"
EndProject
Project("{2150E333-8FDC-42A3-9474-1A3956D46DE8}") = "LinkCodeGenerator", "LinkCodeGenerator", "{9C61FD24-2770-4323-AB8D-5BDA8658461F}"
EndProject
Project("{FAE04EC0-301F-11D3-BF4B-00C04F79EFBC}") = "LinkCodeGenCLI", "LinkCodeGenCLI\LinkCodeGenCLI.csproj", "{E13DA238-07DC-4806-A7FA-B1CA8A846861}"
EndProject
Project("{FAE04EC0-301F-11D3-BF4B-00C04F79EFBC}") = "CMXMLCCLI", "CMXMLCCLI\CMXMLCCLI.csproj", "{965D8695-C1AE-45D5-B720-E4B30E3D4A80}"
EndProject
Global
	GlobalSection(Performance) = preSolution
		HasPerformanceSessions = true
	EndGlobalSection
	GlobalSection(SolutionConfigurationPlatforms) = preSolution
		Debug|Any CPU = Debug|Any CPU
		Debug|x86 = Debug|x86
		Release|Any CPU = Release|Any CPU
		Release|x86 = Release|x86
	EndGlobalSection
	GlobalSection(ProjectConfigurationPlatforms) = postSolution
		{F6119D2E-215B-4FB1-A1C6-E83EDE52DA8C}.Debug|Any CPU.ActiveCfg = Debug|Any CPU
		{F6119D2E-215B-4FB1-A1C6-E83EDE52DA8C}.Debug|Any CPU.Build.0 = Debug|Any CPU
		{F6119D2E-215B-4FB1-A1C6-E83EDE52DA8C}.Debug|x86.ActiveCfg = Debug|x86
		{F6119D2E-215B-4FB1-A1C6-E83EDE52DA8C}.Debug|x86.Build.0 = Debug|x86
		{F6119D2E-215B-4FB1-A1C6-E83EDE52DA8C}.Release|Any CPU.ActiveCfg = Release|Any CPU
		{F6119D2E-215B-4FB1-A1C6-E83EDE52DA8C}.Release|Any CPU.Build.0 = Release|Any CPU
		{F6119D2E-215B-4FB1-A1C6-E83EDE52DA8C}.Release|x86.ActiveCfg = Release|x86
		{F6119D2E-215B-4FB1-A1C6-E83EDE52DA8C}.Release|x86.Build.0 = Release|x86
		{883162BB-0596-4ABC-BAA8-B3A1F04CC388}.Debug|Any CPU.ActiveCfg = Debug|Any CPU
		{883162BB-0596-4ABC-BAA8-B3A1F04CC388}.Debug|Any CPU.Build.0 = Debug|Any CPU
		{883162BB-0596-4ABC-BAA8-B3A1F04CC388}.Debug|x86.ActiveCfg = Debug|Any CPU
		{883162BB-0596-4ABC-BAA8-B3A1F04CC388}.Debug|x86.Build.0 = Debug|Any CPU
		{883162BB-0596-4ABC-BAA8-B3A1F04CC388}.Release|Any CPU.ActiveCfg = Release|Any CPU
		{883162BB-0596-4ABC-BAA8-B3A1F04CC388}.Release|Any CPU.Build.0 = Release|Any CPU
		{883162BB-0596-4ABC-BAA8-B3A1F04CC388}.Release|x86.ActiveCfg = Release|Any CPU
		{883162BB-0596-4ABC-BAA8-B3A1F04CC388}.Release|x86.Build.0 = Release|Any CPU
		{A741225D-1C14-4B1B-B746-C859E26FA8AA}.Debug|Any CPU.ActiveCfg = Debug|Any CPU
		{A741225D-1C14-4B1B-B746-C859E26FA8AA}.Debug|Any CPU.Build.0 = Debug|Any CPU
		{A741225D-1C14-4B1B-B746-C859E26FA8AA}.Debug|x86.ActiveCfg = Debug|Any CPU
		{A741225D-1C14-4B1B-B746-C859E26FA8AA}.Debug|x86.Build.0 = Debug|Any CPU
		{A741225D-1C14-4B1B-B746-C859E26FA8AA}.Release|Any CPU.ActiveCfg = Release|Any CPU
		{A741225D-1C14-4B1B-B746-C859E26FA8AA}.Release|Any CPU.Build.0 = Release|Any CPU
		{A741225D-1C14-4B1B-B746-C859E26FA8AA}.Release|x86.ActiveCfg = Release|Any CPU
		{A741225D-1C14-4B1B-B746-C859E26FA8AA}.Release|x86.Build.0 = Release|Any CPU
		{8C0A5542-F8C6-470C-B194-5A5C50C5A695}.Debug|Any CPU.ActiveCfg = Debug|Any CPU
		{8C0A5542-F8C6-470C-B194-5A5C50C5A695}.Debug|Any CPU.Build.0 = Debug|Any CPU
		{8C0A5542-F8C6-470C-B194-5A5C50C5A695}.Debug|x86.ActiveCfg = Debug|Any CPU
		{8C0A5542-F8C6-470C-B194-5A5C50C5A695}.Debug|x86.Build.0 = Debug|Any CPU
		{8C0A5542-F8C6-470C-B194-5A5C50C5A695}.Release|Any CPU.ActiveCfg = Release|Any CPU
		{8C0A5542-F8C6-470C-B194-5A5C50C5A695}.Release|Any CPU.Build.0 = Release|Any CPU
		{8C0A5542-F8C6-470C-B194-5A5C50C5A695}.Release|x86.ActiveCfg = Release|Any CPU
		{8C0A5542-F8C6-470C-B194-5A5C50C5A695}.Release|x86.Build.0 = Release|Any CPU
		{4F9519E2-A209-49A5-BB20-1E5980664923}.Debug|Any CPU.ActiveCfg = Debug|Any CPU
		{4F9519E2-A209-49A5-BB20-1E5980664923}.Debug|Any CPU.Build.0 = Debug|Any CPU
		{4F9519E2-A209-49A5-BB20-1E5980664923}.Debug|x86.ActiveCfg = Debug|Any CPU
		{4F9519E2-A209-49A5-BB20-1E5980664923}.Debug|x86.Build.0 = Debug|Any CPU
		{4F9519E2-A209-49A5-BB20-1E5980664923}.Release|Any CPU.ActiveCfg = Release|Any CPU
		{4F9519E2-A209-49A5-BB20-1E5980664923}.Release|Any CPU.Build.0 = Release|Any CPU
		{4F9519E2-A209-49A5-BB20-1E5980664923}.Release|x86.ActiveCfg = Release|Any CPU
		{4F9519E2-A209-49A5-BB20-1E5980664923}.Release|x86.Build.0 = Release|Any CPU
		{A4C59558-40E6-44C3-84A0-EA5A8FCFF05A}.Debug|Any CPU.ActiveCfg = Debug|Any CPU
		{A4C59558-40E6-44C3-84A0-EA5A8FCFF05A}.Debug|Any CPU.Build.0 = Debug|Any CPU
		{A4C59558-40E6-44C3-84A0-EA5A8FCFF05A}.Debug|x86.ActiveCfg = Debug|Any CPU
		{A4C59558-40E6-44C3-84A0-EA5A8FCFF05A}.Debug|x86.Build.0 = Debug|Any CPU
		{A4C59558-40E6-44C3-84A0-EA5A8FCFF05A}.Release|Any CPU.ActiveCfg = Release|Any CPU
		{A4C59558-40E6-44C3-84A0-EA5A8FCFF05A}.Release|Any CPU.Build.0 = Release|Any CPU
		{A4C59558-40E6-44C3-84A0-EA5A8FCFF05A}.Release|x86.ActiveCfg = Release|Any CPU
		{A4C59558-40E6-44C3-84A0-EA5A8FCFF05A}.Release|x86.Build.0 = Release|Any CPU
		{E13DA238-07DC-4806-A7FA-B1CA8A846861}.Debug|Any CPU.ActiveCfg = Debug|Any CPU
		{E13DA238-07DC-4806-A7FA-B1CA8A846861}.Debug|Any CPU.Build.0 = Debug|Any CPU
		{E13DA238-07DC-4806-A7FA-B1CA8A846861}.Debug|x86.ActiveCfg = Debug|Any CPU
		{E13DA238-07DC-4806-A7FA-B1CA8A846861}.Debug|x86.Build.0 = Debug|Any CPU
		{E13DA238-07DC-4806-A7FA-B1CA8A846861}.Release|Any CPU.ActiveCfg = Release|Any CPU
		{E13DA238-07DC-4806-A7FA-B1CA8A846861}.Release|Any CPU.Build.0 = Release|Any CPU
		{E13DA238-07DC-4806-A7FA-B1CA8A846861}.Release|x86.ActiveCfg = Release|Any CPU
		{E13DA238-07DC-4806-A7FA-B1CA8A846861}.Release|x86.Build.0 = Release|Any CPU
		{965D8695-C1AE-45D5-B720-E4B30E3D4A80}.Debug|Any CPU.ActiveCfg = Debug|Any CPU
		{965D8695-C1AE-45D5-B720-E4B30E3D4A80}.Debug|Any CPU.Build.0 = Debug|Any CPU
		{965D8695-C1AE-45D5-B720-E4B30E3D4A80}.Debug|x86.ActiveCfg = Debug|Any CPU
		{965D8695-C1AE-45D5-B720-E4B30E3D4A80}.Debug|x86.Build.0 = Debug|Any CPU
		{965D8695-C1AE-45D5-B720-E4B30E3D4A80}.Release|Any CPU.ActiveCfg = Release|Any CPU
		{965D8695-C1AE-45D5-B720-E4B30E3D4A80}.Release|Any CPU.Build.0 = Release|Any CPU
		{965D8695-C1AE-45D5-B720-E4B30E3D4A80}.Release|x86.ActiveCfg = Release|Any CPU
		{965D8695-C1AE-45D5-B720-E4B30E3D4A80}.Release|x86.Build.0 = Release|Any CPU
	EndGlobalSection
	GlobalSection(SolutionProperties) = preSolution
		HideSolutionNode = FALSE
	EndGlobalSection
	GlobalSection(NestedProjects) = preSolution
		{F6119D2E-215B-4FB1-A1C6-E83EDE52DA8C} = {B4969010-E167-4B5A-992A-005B9F9EC5E2}
		{883162BB-0596-4ABC-BAA8-B3A1F04CC388} = {B4969010-E167-4B5A-992A-005B9F9EC5E2}
		{8C0A5542-F8C6-470C-B194-5A5C50C5A695} = {B4969010-E167-4B5A-992A-005B9F9EC5E2}
		{4F9519E2-A209-49A5-BB20-1E5980664923} = {9C61FD24-2770-4323-AB8D-5BDA8658461F}
		{A4C59558-40E6-44C3-84A0-EA5A8FCFF05A} = {9C61FD24-2770-4323-AB8D-5BDA8658461F}
	EndGlobalSection
	GlobalSection(ExtensibilityGlobals) = postSolution
		SolutionGuid = {E21E42CB-61D2-46EE-9085-5023B5BFE7B0}
	EndGlobalSection
	GlobalSection(Performance) = preSolution
		HasPerformanceSessions = true
	EndGlobalSection
	GlobalSection(Performance) = preSolution
		HasPerformanceSessions = true
	EndGlobalSection
	GlobalSection(Performance) = preSolution
		HasPerformanceSessions = true
	EndGlobalSection
	GlobalSection(Performance) = preSolution
		HasPerformanceSessions = true
	EndGlobalSection
	GlobalSection(Performance) = preSolution
		HasPerformanceSessions = true
	EndGlobalSection
	GlobalSection(Performance) = preSolution
		HasPerformanceSessions = true
	EndGlobalSection
	GlobalSection(Performance) = preSolution
		HasPerformanceSessions = true
	EndGlobalSection
	GlobalSection(Performance) = preSolution
		HasPerformanceSessions = true
	EndGlobalSection
	GlobalSection(Performance) = preSolution
		HasPerformanceSessions = true
	EndGlobalSection
	GlobalSection(Performance) = preSolution
		HasPerformanceSessions = true
	EndGlobalSection
	GlobalSection(Performance) = preSolution
		HasPerformanceSessions = true
	EndGlobalSection
	GlobalSection(Performance) = preSolution
		HasPerformanceSessions = true
	EndGlobalSection
	GlobalSection(Performance) = preSolution
		HasPerformanceSessions = true
	EndGlobalSection
	GlobalSection(Performance) = preSolution
		HasPerformanceSessions = true
	EndGlobalSection
	GlobalSection(Performance) = preSolution
		HasPerformanceSessions = true
	EndGlobalSection
	GlobalSection(Performance) = preSolution
		HasPerformanceSessions = true
	EndGlobalSection
	GlobalSection(Performance) = preSolution
		HasPerformanceSessions = true
	EndGlobalSection
	GlobalSection(Performance) = preSolution
		HasPerformanceSessions = true
	EndGlobalSection
	GlobalSection(Performance) = preSolution
		HasPerformanceSessions = true
	EndGlobalSection
	GlobalSection(Performance) = preSolution
		HasPerformanceSessions = true
	EndGlobalSection
EndGlobal
